
Microsoft Visual Studio Solution File, Format Version 12.00
Project("{FAE04EC0-301F-11D3-BF4B-00C04F79EFBC}") = "FileBin.Server", "FileBin.Server\FileBin.Server.csproj", "{05B3DD33-018D-452F-9867-10AD6C6B948B}"
EndProject
Global
	GlobalSection(SolutionConfigurationPlatforms) = preSolution
		Debug|Any CPU = Debug|Any CPU
		Release|Any CPU = Release|Any CPU
	EndGlobalSection
	GlobalSection(ProjectConfigurationPlatforms) = postSolution
		{05B3DD33-018D-452F-9867-10AD6C6B948B}.Debug|Any CPU.ActiveCfg = Debug|Any CPU
		{05B3DD33-018D-452F-9867-10AD6C6B948B}.Debug|Any CPU.Build.0 = Debug|Any CPU
		{05B3DD33-018D-452F-9867-10AD6C6B948B}.Release|Any CPU.ActiveCfg = Release|Any CPU
		{05B3DD33-018D-452F-9867-10AD6C6B948B}.Release|Any CPU.Build.0 = Release|Any CPU
	EndGlobalSection
EndGlobal
